
Microsoft Visual Studio Solution File, Format Version 12.00
# Visual Studio Version 17
VisualStudioVersion = 17.0.31903.59
MinimumVisualStudioVersion = 10.0.40219.1
Project("{FAE04EC0-301F-11D3-BF4B-00C04F79EFBC}") = "Desafio.Tests", "Desafio.Tests\Desafio.Tests.csproj", "{BDDEC03C-07D4-4BCB-9174-4533C5788043}"
EndProject
Project("{FAE04EC0-301F-11D3-BF4B-00C04F79EFBC}") = "Desafio.Api", "Desafio.Api\Desafio.Api.csproj", "{88D44B95-8C1E-43A5-B891-9CDDA60DD7CE}"
EndProject
Global
	GlobalSection(SolutionConfigurationPlatforms) = preSolution
		Debug|Any CPU = Debug|Any CPU
		Release|Any CPU = Release|Any CPU
	EndGlobalSection
	GlobalSection(SolutionProperties) = preSolution
		HideSolutionNode = FALSE
	EndGlobalSection
	GlobalSection(ProjectConfigurationPlatforms) = postSolution
		{BDDEC03C-07D4-4BCB-9174-4533C5788043}.Debug|Any CPU.ActiveCfg = Debug|Any CPU
		{BDDEC03C-07D4-4BCB-9174-4533C5788043}.Debug|Any CPU.Build.0 = Debug|Any CPU
		{BDDEC03C-07D4-4BCB-9174-4533C5788043}.Release|Any CPU.ActiveCfg = Release|Any CPU
		{BDDEC03C-07D4-4BCB-9174-4533C5788043}.Release|Any CPU.Build.0 = Release|Any CPU
		{88D44B95-8C1E-43A5-B891-9CDDA60DD7CE}.Debug|Any CPU.ActiveCfg = Debug|Any CPU
		{88D44B95-8C1E-43A5-B891-9CDDA60DD7CE}.Debug|Any CPU.Build.0 = Debug|Any CPU
		{88D44B95-8C1E-43A5-B891-9CDDA60DD7CE}.Release|Any CPU.ActiveCfg = Release|Any CPU
		{88D44B95-8C1E-43A5-B891-9CDDA60DD7CE}.Release|Any CPU.Build.0 = Release|Any CPU
	EndGlobalSection
EndGlobal
